// !$*UTF8*$!
{
	archiveVersion = 1;
	classes = {
	};
	objectVersion = 46;
	objects = {

/* Begin PBXBuildFile section */
		31083C8A20796A0F006F4864 /* ImageVC.swift in Sources */ = {isa = PBXBuildFile; fileRef = 31083C8920796A0F006F4864 /* ImageVC.swift */; };
		310B32B3202DF7F600A92F6B /* UserDataServices.swift in Sources */ = {isa = PBXBuildFile; fileRef = 310B32B2202DF7F600A92F6B /* UserDataServices.swift */; };
		310B32B6202DF9C500A92F6B /* Constants.swift in Sources */ = {isa = PBXBuildFile; fileRef = 310B32B5202DF9C500A92F6B /* Constants.swift */; };
		31111F171F45D2A100AA204F /* AddHomeworkVC.swift in Sources */ = {isa = PBXBuildFile; fileRef = 31111F161F45D2A100AA204F /* AddHomeworkVC.swift */; };
		31111F191F45EF9300AA204F /* ViewHomeworkVC.swift in Sources */ = {isa = PBXBuildFile; fileRef = 31111F181F45EF9300AA204F /* ViewHomeworkVC.swift */; };
		31111F1F1F45F51B00AA204F /* ViewHomeworkTVCell.swift in Sources */ = {isa = PBXBuildFile; fileRef = 31111F1E1F45F51B00AA204F /* ViewHomeworkTVCell.swift */; };
		311E2F811F4347790098B355 /* EditScheduleVC.swift in Sources */ = {isa = PBXBuildFile; fileRef = 311E2F801F4347790098B355 /* EditScheduleVC.swift */; };
		312A9BDE204092AC00603567 /* ViewHomeworkDetailVC.swift in Sources */ = {isa = PBXBuildFile; fileRef = 312A9BDD204092AC00603567 /* ViewHomeworkDetailVC.swift */; };
		312A9BE02040F50300603567 /* RoundedView.swift in Sources */ = {isa = PBXBuildFile; fileRef = 312A9BDF2040F50300603567 /* RoundedView.swift */; };
		313D4AD51F342648002FAFA3 /* GreenDayScheduleVC.swift in Sources */ = {isa = PBXBuildFile; fileRef = 313D4AD41F342648002FAFA3 /* GreenDayScheduleVC.swift */; };
		31470706203FBFAB002CF4A0 /* Extensions.swift in Sources */ = {isa = PBXBuildFile; fileRef = 31470705203FBFAB002CF4A0 /* Extensions.swift */; };
		315973892075A913001B9F16 /* Assets.xcassets in Resources */ = {isa = PBXBuildFile; fileRef = 315973882075A913001B9F16 /* Assets.xcassets */; };
		3159ECB9204ED705001A2D23 /* Functions.swift in Sources */ = {isa = PBXBuildFile; fileRef = 3159ECB8204ED705001A2D23 /* Functions.swift */; };
		3160B9CF1F35746B00EA532B /* InputInfoVC.swift in Sources */ = {isa = PBXBuildFile; fileRef = 3160B9CE1F35746B00EA532B /* InputInfoVC.swift */; };
		31736E0720A4838E003A7D6A /* MultipleWebsitesVC.swift in Sources */ = {isa = PBXBuildFile; fileRef = 31736E0620A4838E003A7D6A /* MultipleWebsitesVC.swift */; };
		3183A76A204B9CCD00ED1985 /* CircleGraphView.swift in Sources */ = {isa = PBXBuildFile; fileRef = 3183A769204B9CCD00ED1985 /* CircleGraphView.swift */; };
		31C3168B205CCDA60042D49A /* Enumerations.swift in Sources */ = {isa = PBXBuildFile; fileRef = 31C3168A205CCDA60042D49A /* Enumerations.swift */; };
		31F74ED02072A4960018FB30 /* DRRHS.xcdatamodeld in Sources */ = {isa = PBXBuildFile; fileRef = 31F74ECE2072A4960018FB30 /* DRRHS.xcdatamodeld */; };
		6946B8512028E2B700F696E4 /* ClassView.swift in Sources */ = {isa = PBXBuildFile; fileRef = 6946B8502028E2B700F696E4 /* ClassView.swift */; };
		695317781F60BA760092454A /* DirectoryTC.swift in Sources */ = {isa = PBXBuildFile; fileRef = 695317771F60BA760092454A /* DirectoryTC.swift */; };
		696B153F1F70CE3700844EF8 /* Settings.storyboard in Resources */ = {isa = PBXBuildFile; fileRef = 696B153E1F70CE3700844EF8 /* Settings.storyboard */; };
		696B15481F70CF8000844EF8 /* Home.storyboard in Resources */ = {isa = PBXBuildFile; fileRef = 696B15471F70CF8000844EF8 /* Home.storyboard */; };
		69733C1F203FE38C00189E8D /* Directory.storyboard in Resources */ = {isa = PBXBuildFile; fileRef = 69733C1E203FE38C00189E8D /* Directory.storyboard */; };
		69733C21203FE46000189E8D /* Schedule.storyboard in Resources */ = {isa = PBXBuildFile; fileRef = 69733C20203FE46000189E8D /* Schedule.storyboard */; };
		69733C27203FE52400189E8D /* Twitter.storyboard in Resources */ = {isa = PBXBuildFile; fileRef = 69733C26203FE52400189E8D /* Twitter.storyboard */; };
		697C544E203126A1007A2D61 /* SettingsVC.swift in Sources */ = {isa = PBXBuildFile; fileRef = 697C544D203126A1007A2D61 /* SettingsVC.swift */; };
		697C5450203142AB007A2D61 /* GoldDayScheduleVC.swift in Sources */ = {isa = PBXBuildFile; fileRef = 697C544F203142AB007A2D61 /* GoldDayScheduleVC.swift */; };
		699A69981F19816000E9CAD9 /* AppDelegate.swift in Sources */ = {isa = PBXBuildFile; fileRef = 699A69971F19816000E9CAD9 /* AppDelegate.swift */; };
		699A699A1F19816000E9CAD9 /* FirstViewController.swift in Sources */ = {isa = PBXBuildFile; fileRef = 699A69991F19816000E9CAD9 /* FirstViewController.swift */; };
		699A699C1F19816000E9CAD9 /* SecondViewController.swift in Sources */ = {isa = PBXBuildFile; fileRef = 699A699B1F19816000E9CAD9 /* SecondViewController.swift */; };
		699A69A41F19816000E9CAD9 /* LaunchScreen.storyboard in Resources */ = {isa = PBXBuildFile; fileRef = 699A69A21F19816000E9CAD9 /* LaunchScreen.storyboard */; };
		699A69AF1F19816000E9CAD9 /* DRRHSTests.swift in Sources */ = {isa = PBXBuildFile; fileRef = 699A69AE1F19816000E9CAD9 /* DRRHSTests.swift */; };
		699A69BA1F19816000E9CAD9 /* DRRHSUITests.swift in Sources */ = {isa = PBXBuildFile; fileRef = 699A69B91F19816000E9CAD9 /* DRRHSUITests.swift */; };
		69CB66461F2BC5D000F047D1 /* BaseTabBarController.swift in Sources */ = {isa = PBXBuildFile; fileRef = 69CB66451F2BC5D000F047D1 /* BaseTabBarController.swift */; };
		69D419AA1F60F74B00DF1B2A /* Main.storyboard in Resources */ = {isa = PBXBuildFile; fileRef = 69D419A91F60F74B00DF1B2A /* Main.storyboard */; };
		69D8F8DA203B5BD30041708A /* HomeworkCell.xib in Resources */ = {isa = PBXBuildFile; fileRef = 69D8F8D9203B5BD30041708A /* HomeworkCell.xib */; };
		69D931E41F54F7B8003D10B6 /* DirectoryDetailVC.swift in Sources */ = {isa = PBXBuildFile; fileRef = 69D931E31F54F7B8003D10B6 /* DirectoryDetailVC.swift */; };
		69D931E61F54FC61003D10B6 /* Teacher.swift in Sources */ = {isa = PBXBuildFile; fileRef = 69D931E51F54FC61003D10B6 /* Teacher.swift */; };
		69F51A04202C1813008FD375 /* RoundedButton.swift in Sources */ = {isa = PBXBuildFile; fileRef = 69F51A03202C1813008FD375 /* RoundedButton.swift */; };
		8B8E77251C6DF5AAF791BFFB /* Pods_DRRHSUITests.framework in Frameworks */ = {isa = PBXBuildFile; fileRef = 1596F0A0424EE2DB3260BE82 /* Pods_DRRHSUITests.framework */; };
		9977D62A05659396767C9396 /* Pods_DRRHSTests.framework in Frameworks */ = {isa = PBXBuildFile; fileRef = 3AD89A80203E0FE0276673C4 /* Pods_DRRHSTests.framework */; };
		F5CA86866F0D3884A2D75B54 /* Pods_DRRHS.framework in Frameworks */ = {isa = PBXBuildFile; fileRef = 8488C9059FE65F1D88BFE5DA /* Pods_DRRHS.framework */; };
/* End PBXBuildFile section */

/* Begin PBXContainerItemProxy section */
		699A69AB1F19816000E9CAD9 /* PBXContainerItemProxy */ = {
			isa = PBXContainerItemProxy;
			containerPortal = 699A698C1F19816000E9CAD9 /* Project object */;
			proxyType = 1;
			remoteGlobalIDString = 699A69931F19816000E9CAD9;
			remoteInfo = DRRHS;
		};
		699A69B61F19816000E9CAD9 /* PBXContainerItemProxy */ = {
			isa = PBXContainerItemProxy;
			containerPortal = 699A698C1F19816000E9CAD9 /* Project object */;
			proxyType = 1;
			remoteGlobalIDString = 699A69931F19816000E9CAD9;
			remoteInfo = DRRHS;
		};
/* End PBXContainerItemProxy section */

/* Begin PBXFileReference section */
		1596F0A0424EE2DB3260BE82 /* Pods_DRRHSUITests.framework */ = {isa = PBXFileReference; explicitFileType = wrapper.framework; includeInIndex = 0; path = Pods_DRRHSUITests.framework; sourceTree = BUILT_PRODUCTS_DIR; };
		31083C8920796A0F006F4864 /* ImageVC.swift */ = {isa = PBXFileReference; lastKnownFileType = sourcecode.swift; path = ImageVC.swift; sourceTree = "<group>"; };
		310B32B2202DF7F600A92F6B /* UserDataServices.swift */ = {isa = PBXFileReference; lastKnownFileType = sourcecode.swift; path = UserDataServices.swift; sourceTree = "<group>"; };
		310B32B5202DF9C500A92F6B /* Constants.swift */ = {isa = PBXFileReference; lastKnownFileType = sourcecode.swift; path = Constants.swift; sourceTree = "<group>"; };
		31111F161F45D2A100AA204F /* AddHomeworkVC.swift */ = {isa = PBXFileReference; lastKnownFileType = sourcecode.swift; path = AddHomeworkVC.swift; sourceTree = "<group>"; };
		31111F181F45EF9300AA204F /* ViewHomeworkVC.swift */ = {isa = PBXFileReference; lastKnownFileType = sourcecode.swift; path = ViewHomeworkVC.swift; sourceTree = "<group>"; };
		31111F1E1F45F51B00AA204F /* ViewHomeworkTVCell.swift */ = {isa = PBXFileReference; lastKnownFileType = sourcecode.swift; path = ViewHomeworkTVCell.swift; sourceTree = "<group>"; };
		311E2F801F4347790098B355 /* EditScheduleVC.swift */ = {isa = PBXFileReference; lastKnownFileType = sourcecode.swift; path = EditScheduleVC.swift; sourceTree = "<group>"; };
		312A9BDD204092AC00603567 /* ViewHomeworkDetailVC.swift */ = {isa = PBXFileReference; lastKnownFileType = sourcecode.swift; path = ViewHomeworkDetailVC.swift; sourceTree = "<group>"; };
		312A9BDF2040F50300603567 /* RoundedView.swift */ = {isa = PBXFileReference; lastKnownFileType = sourcecode.swift; path = RoundedView.swift; sourceTree = "<group>"; };
		313D4AD41F342648002FAFA3 /* GreenDayScheduleVC.swift */ = {isa = PBXFileReference; lastKnownFileType = sourcecode.swift; path = GreenDayScheduleVC.swift; sourceTree = "<group>"; };
		31470705203FBFAB002CF4A0 /* Extensions.swift */ = {isa = PBXFileReference; lastKnownFileType = sourcecode.swift; path = Extensions.swift; sourceTree = "<group>"; };
		315973882075A913001B9F16 /* Assets.xcassets */ = {isa = PBXFileReference; lastKnownFileType = folder.assetcatalog; path = Assets.xcassets; sourceTree = "<group>"; };
		3159ECB8204ED705001A2D23 /* Functions.swift */ = {isa = PBXFileReference; lastKnownFileType = sourcecode.swift; path = Functions.swift; sourceTree = "<group>"; };
		3160B9CE1F35746B00EA532B /* InputInfoVC.swift */ = {isa = PBXFileReference; lastKnownFileType = sourcecode.swift; path = InputInfoVC.swift; sourceTree = "<group>"; };
		31736E0620A4838E003A7D6A /* MultipleWebsitesVC.swift */ = {isa = PBXFileReference; lastKnownFileType = sourcecode.swift; path = MultipleWebsitesVC.swift; sourceTree = "<group>"; };
		3183A769204B9CCD00ED1985 /* CircleGraphView.swift */ = {isa = PBXFileReference; lastKnownFileType = sourcecode.swift; path = CircleGraphView.swift; sourceTree = "<group>"; };
		31C3168A205CCDA60042D49A /* Enumerations.swift */ = {isa = PBXFileReference; lastKnownFileType = sourcecode.swift; path = Enumerations.swift; sourceTree = "<group>"; };
		31F74ECF2072A4960018FB30 /* Model.xcdatamodel */ = {isa = PBXFileReference; lastKnownFileType = wrapper.xcdatamodel; path = Model.xcdatamodel; sourceTree = "<group>"; };
		3AD89A80203E0FE0276673C4 /* Pods_DRRHSTests.framework */ = {isa = PBXFileReference; explicitFileType = wrapper.framework; includeInIndex = 0; path = Pods_DRRHSTests.framework; sourceTree = BUILT_PRODUCTS_DIR; };
		3BBC2CC2DD94678BE84567F7 /* Pods-DRRHS.debug.xcconfig */ = {isa = PBXFileReference; includeInIndex = 1; lastKnownFileType = text.xcconfig; name = "Pods-DRRHS.debug.xcconfig"; path = "Pods/Target Support Files/Pods-DRRHS/Pods-DRRHS.debug.xcconfig"; sourceTree = "<group>"; };
		6946B8502028E2B700F696E4 /* ClassView.swift */ = {isa = PBXFileReference; lastKnownFileType = sourcecode.swift; path = ClassView.swift; sourceTree = "<group>"; };
		695317771F60BA760092454A /* DirectoryTC.swift */ = {isa = PBXFileReference; fileEncoding = 4; lastKnownFileType = sourcecode.swift; path = DirectoryTC.swift; sourceTree = "<group>"; };
		696B153E1F70CE3700844EF8 /* Settings.storyboard */ = {isa = PBXFileReference; fileEncoding = 4; lastKnownFileType = file.storyboard; path = Settings.storyboard; sourceTree = "<group>"; };
		696B15471F70CF8000844EF8 /* Home.storyboard */ = {isa = PBXFileReference; fileEncoding = 4; lastKnownFileType = file.storyboard; path = Home.storyboard; sourceTree = "<group>"; };
		69733C1E203FE38C00189E8D /* Directory.storyboard */ = {isa = PBXFileReference; fileEncoding = 4; lastKnownFileType = file.storyboard; path = Directory.storyboard; sourceTree = "<group>"; };
		69733C20203FE46000189E8D /* Schedule.storyboard */ = {isa = PBXFileReference; fileEncoding = 4; lastKnownFileType = file.storyboard; path = Schedule.storyboard; sourceTree = "<group>"; };
		69733C26203FE52400189E8D /* Twitter.storyboard */ = {isa = PBXFileReference; fileEncoding = 4; lastKnownFileType = file.storyboard; path = Twitter.storyboard; sourceTree = "<group>"; };
		697C544D203126A1007A2D61 /* SettingsVC.swift */ = {isa = PBXFileReference; lastKnownFileType = sourcecode.swift; path = SettingsVC.swift; sourceTree = "<group>"; };
		697C544F203142AB007A2D61 /* GoldDayScheduleVC.swift */ = {isa = PBXFileReference; fileEncoding = 4; lastKnownFileType = sourcecode.swift; path = GoldDayScheduleVC.swift; sourceTree = "<group>"; };
		699A69941F19816000E9CAD9 /* DRRHS.app */ = {isa = PBXFileReference; explicitFileType = wrapper.application; includeInIndex = 0; path = DRRHS.app; sourceTree = BUILT_PRODUCTS_DIR; };
		699A69971F19816000E9CAD9 /* AppDelegate.swift */ = {isa = PBXFileReference; lastKnownFileType = sourcecode.swift; path = AppDelegate.swift; sourceTree = "<group>"; };
		699A69991F19816000E9CAD9 /* FirstViewController.swift */ = {isa = PBXFileReference; lastKnownFileType = sourcecode.swift; path = FirstViewController.swift; sourceTree = "<group>"; };
		699A699B1F19816000E9CAD9 /* SecondViewController.swift */ = {isa = PBXFileReference; lastKnownFileType = sourcecode.swift; path = SecondViewController.swift; sourceTree = "<group>"; };
		699A69A31F19816000E9CAD9 /* Base */ = {isa = PBXFileReference; lastKnownFileType = file.storyboard; name = Base; path = Base.lproj/LaunchScreen.storyboard; sourceTree = "<group>"; };
		699A69A51F19816000E9CAD9 /* Info.plist */ = {isa = PBXFileReference; lastKnownFileType = text.plist.xml; path = Info.plist; sourceTree = "<group>"; };
		699A69AA1F19816000E9CAD9 /* DRRHSTests.xctest */ = {isa = PBXFileReference; explicitFileType = wrapper.cfbundle; includeInIndex = 0; path = DRRHSTests.xctest; sourceTree = BUILT_PRODUCTS_DIR; };
		699A69AE1F19816000E9CAD9 /* DRRHSTests.swift */ = {isa = PBXFileReference; lastKnownFileType = sourcecode.swift; path = DRRHSTests.swift; sourceTree = "<group>"; };
		699A69B01F19816000E9CAD9 /* Info.plist */ = {isa = PBXFileReference; lastKnownFileType = text.plist.xml; path = Info.plist; sourceTree = "<group>"; };
		699A69B51F19816000E9CAD9 /* DRRHSUITests.xctest */ = {isa = PBXFileReference; explicitFileType = wrapper.cfbundle; includeInIndex = 0; path = DRRHSUITests.xctest; sourceTree = BUILT_PRODUCTS_DIR; };
		699A69B91F19816000E9CAD9 /* DRRHSUITests.swift */ = {isa = PBXFileReference; lastKnownFileType = sourcecode.swift; path = DRRHSUITests.swift; sourceTree = "<group>"; };
		699A69BB1F19816000E9CAD9 /* Info.plist */ = {isa = PBXFileReference; lastKnownFileType = text.plist.xml; path = Info.plist; sourceTree = "<group>"; };
		69CB66451F2BC5D000F047D1 /* BaseTabBarController.swift */ = {isa = PBXFileReference; fileEncoding = 4; lastKnownFileType = sourcecode.swift; path = BaseTabBarController.swift; sourceTree = "<group>"; };
		69D419A91F60F74B00DF1B2A /* Main.storyboard */ = {isa = PBXFileReference; fileEncoding = 4; lastKnownFileType = file.storyboard; path = Main.storyboard; sourceTree = "<group>"; };
		69D8F8D9203B5BD30041708A /* HomeworkCell.xib */ = {isa = PBXFileReference; lastKnownFileType = file.xib; path = HomeworkCell.xib; sourceTree = "<group>"; };
		69D931E31F54F7B8003D10B6 /* DirectoryDetailVC.swift */ = {isa = PBXFileReference; lastKnownFileType = sourcecode.swift; path = DirectoryDetailVC.swift; sourceTree = "<group>"; };
		69D931E51F54FC61003D10B6 /* Teacher.swift */ = {isa = PBXFileReference; lastKnownFileType = sourcecode.swift; path = Teacher.swift; sourceTree = "<group>"; };
		69F51A03202C1813008FD375 /* RoundedButton.swift */ = {isa = PBXFileReference; lastKnownFileType = sourcecode.swift; path = RoundedButton.swift; sourceTree = "<group>"; };
		8488C9059FE65F1D88BFE5DA /* Pods_DRRHS.framework */ = {isa = PBXFileReference; explicitFileType = wrapper.framework; includeInIndex = 0; path = Pods_DRRHS.framework; sourceTree = BUILT_PRODUCTS_DIR; };
		889503338C678DF704102A81 /* Pods-DRRHSUITests.release.xcconfig */ = {isa = PBXFileReference; includeInIndex = 1; lastKnownFileType = text.xcconfig; name = "Pods-DRRHSUITests.release.xcconfig"; path = "Pods/Target Support Files/Pods-DRRHSUITests/Pods-DRRHSUITests.release.xcconfig"; sourceTree = "<group>"; };
		BC31B450DFC50F8A09535C46 /* Pods-DRRHSTests.release.xcconfig */ = {isa = PBXFileReference; includeInIndex = 1; lastKnownFileType = text.xcconfig; name = "Pods-DRRHSTests.release.xcconfig"; path = "Pods/Target Support Files/Pods-DRRHSTests/Pods-DRRHSTests.release.xcconfig"; sourceTree = "<group>"; };
		C640E40FB5950EB95E80DC3F /* Pods-DRRHSUITests.debug.xcconfig */ = {isa = PBXFileReference; includeInIndex = 1; lastKnownFileType = text.xcconfig; name = "Pods-DRRHSUITests.debug.xcconfig"; path = "Pods/Target Support Files/Pods-DRRHSUITests/Pods-DRRHSUITests.debug.xcconfig"; sourceTree = "<group>"; };
		F14BD033C7CCD2CEA6B83311 /* Pods-DRRHS.release.xcconfig */ = {isa = PBXFileReference; includeInIndex = 1; lastKnownFileType = text.xcconfig; name = "Pods-DRRHS.release.xcconfig"; path = "Pods/Target Support Files/Pods-DRRHS/Pods-DRRHS.release.xcconfig"; sourceTree = "<group>"; };
		FEBAA45EF7EEE131FBFC88EE /* Pods-DRRHSTests.debug.xcconfig */ = {isa = PBXFileReference; includeInIndex = 1; lastKnownFileType = text.xcconfig; name = "Pods-DRRHSTests.debug.xcconfig"; path = "Pods/Target Support Files/Pods-DRRHSTests/Pods-DRRHSTests.debug.xcconfig"; sourceTree = "<group>"; };
/* End PBXFileReference section */

/* Begin PBXFrameworksBuildPhase section */
		699A69911F19816000E9CAD9 /* Frameworks */ = {
			isa = PBXFrameworksBuildPhase;
			buildActionMask = 2147483647;
			files = (
				F5CA86866F0D3884A2D75B54 /* Pods_DRRHS.framework in Frameworks */,
			);
			runOnlyForDeploymentPostprocessing = 0;
		};
		699A69A71F19816000E9CAD9 /* Frameworks */ = {
			isa = PBXFrameworksBuildPhase;
			buildActionMask = 2147483647;
			files = (
				9977D62A05659396767C9396 /* Pods_DRRHSTests.framework in Frameworks */,
			);
			runOnlyForDeploymentPostprocessing = 0;
		};
		699A69B21F19816000E9CAD9 /* Frameworks */ = {
			isa = PBXFrameworksBuildPhase;
			buildActionMask = 2147483647;
			files = (
				8B8E77251C6DF5AAF791BFFB /* Pods_DRRHSUITests.framework in Frameworks */,
			);
			runOnlyForDeploymentPostprocessing = 0;
		};
/* End PBXFrameworksBuildPhase section */

/* Begin PBXGroup section */
		22012B2F025FA0340EE3D3C9 /* Pods */ = {
			isa = PBXGroup;
			children = (
				3BBC2CC2DD94678BE84567F7 /* Pods-DRRHS.debug.xcconfig */,
				F14BD033C7CCD2CEA6B83311 /* Pods-DRRHS.release.xcconfig */,
				FEBAA45EF7EEE131FBFC88EE /* Pods-DRRHSTests.debug.xcconfig */,
				BC31B450DFC50F8A09535C46 /* Pods-DRRHSTests.release.xcconfig */,
				C640E40FB5950EB95E80DC3F /* Pods-DRRHSUITests.debug.xcconfig */,
				889503338C678DF704102A81 /* Pods-DRRHSUITests.release.xcconfig */,
			);
			name = Pods;
			sourceTree = "<group>";
		};
		310B32B1202DF7DD00A92F6B /* Services */ = {
			isa = PBXGroup;
			children = (
				310B32B2202DF7F600A92F6B /* UserDataServices.swift */,
				3159ECB8204ED705001A2D23 /* Functions.swift */,
				31C3168A205CCDA60042D49A /* Enumerations.swift */,
			);
			path = Services;
			sourceTree = "<group>";
		};
		310B32B4202DF99B00A92F6B /* Utilities */ = {
			isa = PBXGroup;
			children = (
				310B32B5202DF9C500A92F6B /* Constants.swift */,
				31470705203FBFAB002CF4A0 /* Extensions.swift */,
				3183A769204B9CCD00ED1985 /* CircleGraphView.swift */,
			);
			path = Utilities;
			sourceTree = "<group>";
		};
		311E24D31F539D6800E49052 /* Schedule */ = {
			isa = PBXGroup;
			children = (
				697C544D203126A1007A2D61 /* SettingsVC.swift */,
				311E2F801F4347790098B355 /* EditScheduleVC.swift */,
				3160B9CE1F35746B00EA532B /* InputInfoVC.swift */,
				313D4AD41F342648002FAFA3 /* GreenDayScheduleVC.swift */,
				697C544F203142AB007A2D61 /* GoldDayScheduleVC.swift */,
				31111F161F45D2A100AA204F /* AddHomeworkVC.swift */,
				31111F181F45EF9300AA204F /* ViewHomeworkVC.swift */,
				31111F1E1F45F51B00AA204F /* ViewHomeworkTVCell.swift */,
				312A9BDD204092AC00603567 /* ViewHomeworkDetailVC.swift */,
				31736E0620A4838E003A7D6A /* MultipleWebsitesVC.swift */,
				31083C8920796A0F006F4864 /* ImageVC.swift */,
			);
			name = Schedule;
			path = ..;
			sourceTree = "<group>";
		};
		6946B84F2028E28000F696E4 /* View */ = {
			isa = PBXGroup;
			children = (
				6946B8502028E2B700F696E4 /* ClassView.swift */,
				69F51A03202C1813008FD375 /* RoundedButton.swift */,
				312A9BDF2040F50300603567 /* RoundedView.swift */,
			);
			path = View;
			sourceTree = "<group>";
		};
		696B153C1F70CD2D00844EF8 /* Storyboards */ = {
			isa = PBXGroup;
			children = (
				699A69A21F19816000E9CAD9 /* LaunchScreen.storyboard */,
				69D419A91F60F74B00DF1B2A /* Main.storyboard */,
				69733C26203FE52400189E8D /* Twitter.storyboard */,
				69733C20203FE46000189E8D /* Schedule.storyboard */,
				69733C1E203FE38C00189E8D /* Directory.storyboard */,
				69D8F8D9203B5BD30041708A /* HomeworkCell.xib */,
				696B153E1F70CE3700844EF8 /* Settings.storyboard */,
				696B15471F70CF8000844EF8 /* Home.storyboard */,
			);
			path = Storyboards;
			sourceTree = "<group>";
		};
		699A698B1F19816000E9CAD9 = {
			isa = PBXGroup;
			children = (
				699A69961F19816000E9CAD9 /* DRRHS */,
				699A69AD1F19816000E9CAD9 /* DRRHSTests */,
				699A69B81F19816000E9CAD9 /* DRRHSUITests */,
				699A69951F19816000E9CAD9 /* Products */,
				22012B2F025FA0340EE3D3C9 /* Pods */,
				AEDF68BE78ACE7F3F6B6A784 /* Frameworks */,
			);
			sourceTree = "<group>";
		};
		699A69951F19816000E9CAD9 /* Products */ = {
			isa = PBXGroup;
			children = (
				699A69941F19816000E9CAD9 /* DRRHS.app */,
				699A69AA1F19816000E9CAD9 /* DRRHSTests.xctest */,
				699A69B51F19816000E9CAD9 /* DRRHSUITests.xctest */,
			);
			name = Products;
			sourceTree = "<group>";
		};
		699A69961F19816000E9CAD9 /* DRRHS */ = {
			isa = PBXGroup;
			children = (
				699A69971F19816000E9CAD9 /* AppDelegate.swift */,
				310B32B1202DF7DD00A92F6B /* Services */,
				6946B84F2028E28000F696E4 /* View */,
				310B32B4202DF99B00A92F6B /* Utilities */,
				696B153C1F70CD2D00844EF8 /* Storyboards */,
				69B8ABA11F5CED3600A0A6BE /* Tab Bar */,
				69D931E01F54F76A003D10B6 /* Directory */,
				311E24D31F539D6800E49052 /* Schedule */,
				699A69A51F19816000E9CAD9 /* Info.plist */,
				31F74ECE2072A4960018FB30 /* DRRHS.xcdatamodeld */,
				315973882075A913001B9F16 /* Assets.xcassets */,
			);
			path = DRRHS;
			sourceTree = "<group>";
		};
		699A69AD1F19816000E9CAD9 /* DRRHSTests */ = {
			isa = PBXGroup;
			children = (
				699A69AE1F19816000E9CAD9 /* DRRHSTests.swift */,
				699A69B01F19816000E9CAD9 /* Info.plist */,
			);
			path = DRRHSTests;
			sourceTree = "<group>";
		};
		699A69B81F19816000E9CAD9 /* DRRHSUITests */ = {
			isa = PBXGroup;
			children = (
				699A69B91F19816000E9CAD9 /* DRRHSUITests.swift */,
				699A69BB1F19816000E9CAD9 /* Info.plist */,
			);
			path = DRRHSUITests;
			sourceTree = "<group>";
		};
		69B8ABA11F5CED3600A0A6BE /* Tab Bar */ = {
			isa = PBXGroup;
			children = (
				699A69991F19816000E9CAD9 /* FirstViewController.swift */,
				699A699B1F19816000E9CAD9 /* SecondViewController.swift */,
				69CB66451F2BC5D000F047D1 /* BaseTabBarController.swift */,
			);
			path = "Tab Bar";
			sourceTree = "<group>";
		};
		69D931E01F54F76A003D10B6 /* Directory */ = {
			isa = PBXGroup;
			children = (
				695317771F60BA760092454A /* DirectoryTC.swift */,
				69D931E31F54F7B8003D10B6 /* DirectoryDetailVC.swift */,
				69D931E51F54FC61003D10B6 /* Teacher.swift */,
			);
			path = Directory;
			sourceTree = "<group>";
		};
		AEDF68BE78ACE7F3F6B6A784 /* Frameworks */ = {
			isa = PBXGroup;
			children = (
				8488C9059FE65F1D88BFE5DA /* Pods_DRRHS.framework */,
				3AD89A80203E0FE0276673C4 /* Pods_DRRHSTests.framework */,
				1596F0A0424EE2DB3260BE82 /* Pods_DRRHSUITests.framework */,
			);
			name = Frameworks;
			sourceTree = "<group>";
		};
/* End PBXGroup section */

/* Begin PBXNativeTarget section */
		699A69931F19816000E9CAD9 /* DRRHS */ = {
			isa = PBXNativeTarget;
			buildConfigurationList = 699A69BE1F19816000E9CAD9 /* Build configuration list for PBXNativeTarget "DRRHS" */;
			buildPhases = (
				A184822CB13F51A8F23B9692 /* [CP] Check Pods Manifest.lock */,
				699A69901F19816000E9CAD9 /* Sources */,
				699A69911F19816000E9CAD9 /* Frameworks */,
				699A69921F19816000E9CAD9 /* Resources */,
				8B93019D7805FA27BFB47365 /* [CP] Embed Pods Frameworks */,
				5C23EC45FF2653107E92A4EF /* [CP] Copy Pods Resources */,
			);
			buildRules = (
			);
			dependencies = (
			);
			name = DRRHS;
			productName = DRRHS;
			productReference = 699A69941F19816000E9CAD9 /* DRRHS.app */;
			productType = "com.apple.product-type.application";
		};
		699A69A91F19816000E9CAD9 /* DRRHSTests */ = {
			isa = PBXNativeTarget;
			buildConfigurationList = 699A69C11F19816000E9CAD9 /* Build configuration list for PBXNativeTarget "DRRHSTests" */;
			buildPhases = (
				B97D1F4BDB639B104F0BF5D0 /* [CP] Check Pods Manifest.lock */,
				699A69A61F19816000E9CAD9 /* Sources */,
				699A69A71F19816000E9CAD9 /* Frameworks */,
				699A69A81F19816000E9CAD9 /* Resources */,
				00D78DE63188666C4030387D /* [CP] Embed Pods Frameworks */,
				A25F9FF57137A817A75B2ABE /* [CP] Copy Pods Resources */,
			);
			buildRules = (
			);
			dependencies = (
				699A69AC1F19816000E9CAD9 /* PBXTargetDependency */,
			);
			name = DRRHSTests;
			productName = DRRHSTests;
			productReference = 699A69AA1F19816000E9CAD9 /* DRRHSTests.xctest */;
			productType = "com.apple.product-type.bundle.unit-test";
		};
		699A69B41F19816000E9CAD9 /* DRRHSUITests */ = {
			isa = PBXNativeTarget;
			buildConfigurationList = 699A69C41F19816000E9CAD9 /* Build configuration list for PBXNativeTarget "DRRHSUITests" */;
			buildPhases = (
				0F0A9A82A1322730FF4CF9C7 /* [CP] Check Pods Manifest.lock */,
				699A69B11F19816000E9CAD9 /* Sources */,
				699A69B21F19816000E9CAD9 /* Frameworks */,
				699A69B31F19816000E9CAD9 /* Resources */,
				2A0CD9E737C18D4947A7632E /* [CP] Embed Pods Frameworks */,
				CD8B9B88D6585544404FBDDB /* [CP] Copy Pods Resources */,
			);
			buildRules = (
			);
			dependencies = (
				699A69B71F19816000E9CAD9 /* PBXTargetDependency */,
			);
			name = DRRHSUITests;
			productName = DRRHSUITests;
			productReference = 699A69B51F19816000E9CAD9 /* DRRHSUITests.xctest */;
			productType = "com.apple.product-type.bundle.ui-testing";
		};
/* End PBXNativeTarget section */

/* Begin PBXProject section */
		699A698C1F19816000E9CAD9 /* Project object */ = {
			isa = PBXProject;
			attributes = {
				LastSwiftUpdateCheck = 0830;
				LastUpgradeCheck = 0930;
				ORGANIZATIONNAME = "Joshua Holme";
				TargetAttributes = {
					699A69931F19816000E9CAD9 = {
						CreatedOnToolsVersion = 8.3.3;
						DevelopmentTeam = XLEYC29AG5;
						LastSwiftMigration = 0920;
						ProvisioningStyle = Automatic;
					};
					699A69A91F19816000E9CAD9 = {
						CreatedOnToolsVersion = 8.3.3;
						DevelopmentTeam = TGLE8RZWF5;
						LastSwiftMigration = 0920;
						ProvisioningStyle = Automatic;
						TestTargetID = 699A69931F19816000E9CAD9;
					};
					699A69B41F19816000E9CAD9 = {
						CreatedOnToolsVersion = 8.3.3;
						DevelopmentTeam = TGLE8RZWF5;
						LastSwiftMigration = 0920;
						ProvisioningStyle = Automatic;
						TestTargetID = 699A69931F19816000E9CAD9;
					};
				};
			};
			buildConfigurationList = 699A698F1F19816000E9CAD9 /* Build configuration list for PBXProject "DRRHS" */;
			compatibilityVersion = "Xcode 3.2";
			developmentRegion = English;
			hasScannedForEncodings = 0;
			knownRegions = (
				en,
				Base,
			);
			mainGroup = 699A698B1F19816000E9CAD9;
			productRefGroup = 699A69951F19816000E9CAD9 /* Products */;
			projectDirPath = "";
			projectRoot = "";
			targets = (
				699A69931F19816000E9CAD9 /* DRRHS */,
				699A69A91F19816000E9CAD9 /* DRRHSTests */,
				699A69B41F19816000E9CAD9 /* DRRHSUITests */,
			);
		};
/* End PBXProject section */

/* Begin PBXResourcesBuildPhase section */
		699A69921F19816000E9CAD9 /* Resources */ = {
			isa = PBXResourcesBuildPhase;
			buildActionMask = 2147483647;
			files = (
				69733C1F203FE38C00189E8D /* Directory.storyboard in Resources */,
				69D419AA1F60F74B00DF1B2A /* Main.storyboard in Resources */,
				699A69A41F19816000E9CAD9 /* LaunchScreen.storyboard in Resources */,
				69D8F8DA203B5BD30041708A /* HomeworkCell.xib in Resources */,
				696B153F1F70CE3700844EF8 /* Settings.storyboard in Resources */,
				69733C27203FE52400189E8D /* Twitter.storyboard in Resources */,
				696B15481F70CF8000844EF8 /* Home.storyboard in Resources */,
				315973892075A913001B9F16 /* Assets.xcassets in Resources */,
				69733C21203FE46000189E8D /* Schedule.storyboard in Resources */,
			);
			runOnlyForDeploymentPostprocessing = 0;
		};
		699A69A81F19816000E9CAD9 /* Resources */ = {
			isa = PBXResourcesBuildPhase;
			buildActionMask = 2147483647;
			files = (
			);
			runOnlyForDeploymentPostprocessing = 0;
		};
		699A69B31F19816000E9CAD9 /* Resources */ = {
			isa = PBXResourcesBuildPhase;
			buildActionMask = 2147483647;
			files = (
			);
			runOnlyForDeploymentPostprocessing = 0;
		};
/* End PBXResourcesBuildPhase section */

/* Begin PBXShellScriptBuildPhase section */
		00D78DE63188666C4030387D /* [CP] Embed Pods Frameworks */ = {
			isa = PBXShellScriptBuildPhase;
			buildActionMask = 2147483647;
			files = (
			);
			inputPaths = (
			);
			name = "[CP] Embed Pods Frameworks";
			outputPaths = (
			);
			runOnlyForDeploymentPostprocessing = 0;
			shellPath = /bin/sh;
			shellScript = "\"${SRCROOT}/Pods/Target Support Files/Pods-DRRHSTests/Pods-DRRHSTests-frameworks.sh\"\n";
			showEnvVarsInLog = 0;
		};
		0F0A9A82A1322730FF4CF9C7 /* [CP] Check Pods Manifest.lock */ = {
			isa = PBXShellScriptBuildPhase;
			buildActionMask = 2147483647;
			files = (
			);
			inputPaths = (
				"${PODS_PODFILE_DIR_PATH}/Podfile.lock",
				"${PODS_ROOT}/Manifest.lock",
			);
			name = "[CP] Check Pods Manifest.lock";
			outputPaths = (
				"$(DERIVED_FILE_DIR)/Pods-DRRHSUITests-checkManifestLockResult.txt",
			);
			runOnlyForDeploymentPostprocessing = 0;
			shellPath = /bin/sh;
			shellScript = "diff \"${PODS_PODFILE_DIR_PATH}/Podfile.lock\" \"${PODS_ROOT}/Manifest.lock\" > /dev/null\nif [ $? != 0 ] ; then\n    # print error to STDERR\n    echo \"error: The sandbox is not in sync with the Podfile.lock. Run 'pod install' or update your CocoaPods installation.\" >&2\n    exit 1\nfi\n# This output is used by Xcode 'outputs' to avoid re-running this script phase.\necho \"SUCCESS\" > \"${SCRIPT_OUTPUT_FILE_0}\"\n";
			showEnvVarsInLog = 0;
		};
		2A0CD9E737C18D4947A7632E /* [CP] Embed Pods Frameworks */ = {
			isa = PBXShellScriptBuildPhase;
			buildActionMask = 2147483647;
			files = (
			);
			inputPaths = (
			);
			name = "[CP] Embed Pods Frameworks";
			outputPaths = (
			);
			runOnlyForDeploymentPostprocessing = 0;
			shellPath = /bin/sh;
			shellScript = "\"${SRCROOT}/Pods/Target Support Files/Pods-DRRHSUITests/Pods-DRRHSUITests-frameworks.sh\"\n";
			showEnvVarsInLog = 0;
		};
		5C23EC45FF2653107E92A4EF /* [CP] Copy Pods Resources */ = {
			isa = PBXShellScriptBuildPhase;
			buildActionMask = 2147483647;
			files = (
			);
			inputPaths = (
				"${SRCROOT}/Pods/Target Support Files/Pods-DRRHS/Pods-DRRHS-resources.sh",
				"${PODS_ROOT}/TwitterKit/iOS/TwitterKit.framework/TwitterKitResources.bundle",
				"${PODS_ROOT}/TwitterKit/iOS/TwitterKit.framework/TwitterShareExtensionUIResources.bundle",
			);
			name = "[CP] Copy Pods Resources";
			outputPaths = (
				"${TARGET_BUILD_DIR}/${UNLOCALIZED_RESOURCES_FOLDER_PATH}/TwitterKitResources.bundle",
				"${TARGET_BUILD_DIR}/${UNLOCALIZED_RESOURCES_FOLDER_PATH}/TwitterShareExtensionUIResources.bundle",
			);
			runOnlyForDeploymentPostprocessing = 0;
			shellPath = /bin/sh;
			shellScript = "\"${SRCROOT}/Pods/Target Support Files/Pods-DRRHS/Pods-DRRHS-resources.sh\"\n";
			showEnvVarsInLog = 0;
		};
		8B93019D7805FA27BFB47365 /* [CP] Embed Pods Frameworks */ = {
			isa = PBXShellScriptBuildPhase;
			buildActionMask = 2147483647;
			files = (
			);
			inputPaths = (
				"${SRCROOT}/Pods/Target Support Files/Pods-DRRHS/Pods-DRRHS-frameworks.sh",
				"${BUILT_PRODUCTS_DIR}/DeckTransition/DeckTransition.framework",
				"${PODS_ROOT}/TwitterCore/iOS/TwitterCore.framework",
				"${PODS_ROOT}/TwitterKit/iOS/TwitterKit.framework",
			);
			name = "[CP] Embed Pods Frameworks";
			outputPaths = (
				"${TARGET_BUILD_DIR}/${FRAMEWORKS_FOLDER_PATH}/DeckTransition.framework",
				"${TARGET_BUILD_DIR}/${FRAMEWORKS_FOLDER_PATH}/TwitterCore.framework",
				"${TARGET_BUILD_DIR}/${FRAMEWORKS_FOLDER_PATH}/TwitterKit.framework",
			);
			runOnlyForDeploymentPostprocessing = 0;
			shellPath = /bin/sh;
			shellScript = "\"${SRCROOT}/Pods/Target Support Files/Pods-DRRHS/Pods-DRRHS-frameworks.sh\"\n";
			showEnvVarsInLog = 0;
		};
		A184822CB13F51A8F23B9692 /* [CP] Check Pods Manifest.lock */ = {
			isa = PBXShellScriptBuildPhase;
			buildActionMask = 2147483647;
			files = (
			);
			inputPaths = (
				"${PODS_PODFILE_DIR_PATH}/Podfile.lock",
				"${PODS_ROOT}/Manifest.lock",
			);
			name = "[CP] Check Pods Manifest.lock";
			outputPaths = (
				"$(DERIVED_FILE_DIR)/Pods-DRRHS-checkManifestLockResult.txt",
			);
			runOnlyForDeploymentPostprocessing = 0;
			shellPath = /bin/sh;
			shellScript = "diff \"${PODS_PODFILE_DIR_PATH}/Podfile.lock\" \"${PODS_ROOT}/Manifest.lock\" > /dev/null\nif [ $? != 0 ] ; then\n    # print error to STDERR\n    echo \"error: The sandbox is not in sync with the Podfile.lock. Run 'pod install' or update your CocoaPods installation.\" >&2\n    exit 1\nfi\n# This output is used by Xcode 'outputs' to avoid re-running this script phase.\necho \"SUCCESS\" > \"${SCRIPT_OUTPUT_FILE_0}\"\n";
			showEnvVarsInLog = 0;
		};
		A25F9FF57137A817A75B2ABE /* [CP] Copy Pods Resources */ = {
			isa = PBXShellScriptBuildPhase;
			buildActionMask = 2147483647;
			files = (
			);
			inputPaths = (
			);
			name = "[CP] Copy Pods Resources";
			outputPaths = (
			);
			runOnlyForDeploymentPostprocessing = 0;
			shellPath = /bin/sh;
			shellScript = "\"${SRCROOT}/Pods/Target Support Files/Pods-DRRHSTests/Pods-DRRHSTests-resources.sh\"\n";
			showEnvVarsInLog = 0;
		};
		B97D1F4BDB639B104F0BF5D0 /* [CP] Check Pods Manifest.lock */ = {
			isa = PBXShellScriptBuildPhase;
			buildActionMask = 2147483647;
			files = (
			);
			inputPaths = (
				"${PODS_PODFILE_DIR_PATH}/Podfile.lock",
				"${PODS_ROOT}/Manifest.lock",
			);
			name = "[CP] Check Pods Manifest.lock";
			outputPaths = (
				"$(DERIVED_FILE_DIR)/Pods-DRRHSTests-checkManifestLockResult.txt",
			);
			runOnlyForDeploymentPostprocessing = 0;
			shellPath = /bin/sh;
			shellScript = "diff \"${PODS_PODFILE_DIR_PATH}/Podfile.lock\" \"${PODS_ROOT}/Manifest.lock\" > /dev/null\nif [ $? != 0 ] ; then\n    # print error to STDERR\n    echo \"error: The sandbox is not in sync with the Podfile.lock. Run 'pod install' or update your CocoaPods installation.\" >&2\n    exit 1\nfi\n# This output is used by Xcode 'outputs' to avoid re-running this script phase.\necho \"SUCCESS\" > \"${SCRIPT_OUTPUT_FILE_0}\"\n";
			showEnvVarsInLog = 0;
		};
		CD8B9B88D6585544404FBDDB /* [CP] Copy Pods Resources */ = {
			isa = PBXShellScriptBuildPhase;
			buildActionMask = 2147483647;
			files = (
			);
			inputPaths = (
			);
			name = "[CP] Copy Pods Resources";
			outputPaths = (
			);
			runOnlyForDeploymentPostprocessing = 0;
			shellPath = /bin/sh;
			shellScript = "\"${SRCROOT}/Pods/Target Support Files/Pods-DRRHSUITests/Pods-DRRHSUITests-resources.sh\"\n";
			showEnvVarsInLog = 0;
		};
/* End PBXShellScriptBuildPhase section */

/* Begin PBXSourcesBuildPhase section */
		699A69901F19816000E9CAD9 /* Sources */ = {
			isa = PBXSourcesBuildPhase;
			buildActionMask = 2147483647;
			files = (
				6946B8512028E2B700F696E4 /* ClassView.swift in Sources */,
				69F51A04202C1813008FD375 /* RoundedButton.swift in Sources */,
				699A699C1F19816000E9CAD9 /* SecondViewController.swift in Sources */,
				3159ECB9204ED705001A2D23 /* Functions.swift in Sources */,
				312A9BE02040F50300603567 /* RoundedView.swift in Sources */,
				699A69981F19816000E9CAD9 /* AppDelegate.swift in Sources */,
				69D931E41F54F7B8003D10B6 /* DirectoryDetailVC.swift in Sources */,
				310B32B6202DF9C500A92F6B /* Constants.swift in Sources */,
				31083C8A20796A0F006F4864 /* ImageVC.swift in Sources */,
				3183A76A204B9CCD00ED1985 /* CircleGraphView.swift in Sources */,
				312A9BDE204092AC00603567 /* ViewHomeworkDetailVC.swift in Sources */,
				31470706203FBFAB002CF4A0 /* Extensions.swift in Sources */,
				31F74ED02072A4960018FB30 /* DRRHS.xcdatamodeld in Sources */,
				31C3168B205CCDA60042D49A /* Enumerations.swift in Sources */,
				313D4AD51F342648002FAFA3 /* GreenDayScheduleVC.swift in Sources */,
				31111F191F45EF9300AA204F /* ViewHomeworkVC.swift in Sources */,
				69CB66461F2BC5D000F047D1 /* BaseTabBarController.swift in Sources */,
				69D931E61F54FC61003D10B6 /* Teacher.swift in Sources */,
				697C5450203142AB007A2D61 /* GoldDayScheduleVC.swift in Sources */,
				699A699A1F19816000E9CAD9 /* FirstViewController.swift in Sources */,
				311E2F811F4347790098B355 /* EditScheduleVC.swift in Sources */,
				3160B9CF1F35746B00EA532B /* InputInfoVC.swift in Sources */,
				31736E0720A4838E003A7D6A /* MultipleWebsitesVC.swift in Sources */,
				695317781F60BA760092454A /* DirectoryTC.swift in Sources */,
				31111F1F1F45F51B00AA204F /* ViewHomeworkTVCell.swift in Sources */,
				31111F171F45D2A100AA204F /* AddHomeworkVC.swift in Sources */,
				310B32B3202DF7F600A92F6B /* UserDataServices.swift in Sources */,
				697C544E203126A1007A2D61 /* SettingsVC.swift in Sources */,
			);
			runOnlyForDeploymentPostprocessing = 0;
		};
		699A69A61F19816000E9CAD9 /* Sources */ = {
			isa = PBXSourcesBuildPhase;
			buildActionMask = 2147483647;
			files = (
				699A69AF1F19816000E9CAD9 /* DRRHSTests.swift in Sources */,
			);
			runOnlyForDeploymentPostprocessing = 0;
		};
		699A69B11F19816000E9CAD9 /* Sources */ = {
			isa = PBXSourcesBuildPhase;
			buildActionMask = 2147483647;
			files = (
				699A69BA1F19816000E9CAD9 /* DRRHSUITests.swift in Sources */,
			);
			runOnlyForDeploymentPostprocessing = 0;
		};
/* End PBXSourcesBuildPhase section */

/* Begin PBXTargetDependency section */
		699A69AC1F19816000E9CAD9 /* PBXTargetDependency */ = {
			isa = PBXTargetDependency;
			target = 699A69931F19816000E9CAD9 /* DRRHS */;
			targetProxy = 699A69AB1F19816000E9CAD9 /* PBXContainerItemProxy */;
		};
		699A69B71F19816000E9CAD9 /* PBXTargetDependency */ = {
			isa = PBXTargetDependency;
			target = 699A69931F19816000E9CAD9 /* DRRHS */;
			targetProxy = 699A69B61F19816000E9CAD9 /* PBXContainerItemProxy */;
		};
/* End PBXTargetDependency section */

/* Begin PBXVariantGroup section */
		699A69A21F19816000E9CAD9 /* LaunchScreen.storyboard */ = {
			isa = PBXVariantGroup;
			children = (
				699A69A31F19816000E9CAD9 /* Base */,
			);
			name = LaunchScreen.storyboard;
			sourceTree = "<group>";
		};
/* End PBXVariantGroup section */

/* Begin XCBuildConfiguration section */
		699A69BC1F19816000E9CAD9 /* Debug */ = {
			isa = XCBuildConfiguration;
			buildSettings = {
				ALWAYS_SEARCH_USER_PATHS = NO;
				CLANG_ANALYZER_NONNULL = YES;
				CLANG_ANALYZER_NUMBER_OBJECT_CONVERSION = YES_AGGRESSIVE;
				CLANG_CXX_LANGUAGE_STANDARD = "gnu++0x";
				CLANG_CXX_LIBRARY = "libc++";
				CLANG_ENABLE_MODULES = YES;
				CLANG_ENABLE_OBJC_ARC = YES;
				CLANG_WARN_BLOCK_CAPTURE_AUTORELEASING = YES;
				CLANG_WARN_BOOL_CONVERSION = YES;
				CLANG_WARN_COMMA = YES;
				CLANG_WARN_CONSTANT_CONVERSION = YES;
				CLANG_WARN_DEPRECATED_OBJC_IMPLEMENTATIONS = YES;
				CLANG_WARN_DIRECT_OBJC_ISA_USAGE = YES_ERROR;
				CLANG_WARN_DOCUMENTATION_COMMENTS = YES;
				CLANG_WARN_EMPTY_BODY = YES;
				CLANG_WARN_ENUM_CONVERSION = YES;
				CLANG_WARN_INFINITE_RECURSION = YES;
				CLANG_WARN_INT_CONVERSION = YES;
				CLANG_WARN_NON_LITERAL_NULL_CONVERSION = YES;
				CLANG_WARN_OBJC_IMPLICIT_RETAIN_SELF = YES;
				CLANG_WARN_OBJC_LITERAL_CONVERSION = YES;
				CLANG_WARN_OBJC_ROOT_CLASS = YES_ERROR;
				CLANG_WARN_RANGE_LOOP_ANALYSIS = YES;
				CLANG_WARN_STRICT_PROTOTYPES = YES;
				CLANG_WARN_SUSPICIOUS_MOVE = YES;
				CLANG_WARN_UNREACHABLE_CODE = YES;
				CLANG_WARN__DUPLICATE_METHOD_MATCH = YES;
				"CODE_SIGN_IDENTITY[sdk=iphoneos*]" = "iPhone Developer";
				COPY_PHASE_STRIP = NO;
				DEBUG_INFORMATION_FORMAT = dwarf;
				ENABLE_STRICT_OBJC_MSGSEND = YES;
				ENABLE_TESTABILITY = YES;
				GCC_C_LANGUAGE_STANDARD = gnu99;
				GCC_DYNAMIC_NO_PIC = NO;
				GCC_NO_COMMON_BLOCKS = YES;
				GCC_OPTIMIZATION_LEVEL = 0;
				GCC_PREPROCESSOR_DEFINITIONS = (
					"DEBUG=1",
					"$(inherited)",
				);
				GCC_WARN_64_TO_32_BIT_CONVERSION = YES;
				GCC_WARN_ABOUT_RETURN_TYPE = YES_ERROR;
				GCC_WARN_UNDECLARED_SELECTOR = YES;
				GCC_WARN_UNINITIALIZED_AUTOS = YES_AGGRESSIVE;
				GCC_WARN_UNUSED_FUNCTION = YES;
				GCC_WARN_UNUSED_VARIABLE = YES;
				IPHONEOS_DEPLOYMENT_TARGET = 11.2;
				MTL_ENABLE_DEBUG_INFO = YES;
				ONLY_ACTIVE_ARCH = YES;
				SDKROOT = iphoneos;
				SWIFT_ACTIVE_COMPILATION_CONDITIONS = DEBUG;
				SWIFT_OPTIMIZATION_LEVEL = "-Onone";
			};
			name = Debug;
		};
		699A69BD1F19816000E9CAD9 /* Release */ = {
			isa = XCBuildConfiguration;
			buildSettings = {
				ALWAYS_SEARCH_USER_PATHS = NO;
				CLANG_ANALYZER_NONNULL = YES;
				CLANG_ANALYZER_NUMBER_OBJECT_CONVERSION = YES_AGGRESSIVE;
				CLANG_CXX_LANGUAGE_STANDARD = "gnu++0x";
				CLANG_CXX_LIBRARY = "libc++";
				CLANG_ENABLE_MODULES = YES;
				CLANG_ENABLE_OBJC_ARC = YES;
				CLANG_WARN_BLOCK_CAPTURE_AUTORELEASING = YES;
				CLANG_WARN_BOOL_CONVERSION = YES;
				CLANG_WARN_COMMA = YES;
				CLANG_WARN_CONSTANT_CONVERSION = YES;
				CLANG_WARN_DEPRECATED_OBJC_IMPLEMENTATIONS = YES;
				CLANG_WARN_DIRECT_OBJC_ISA_USAGE = YES_ERROR;
				CLANG_WARN_DOCUMENTATION_COMMENTS = YES;
				CLANG_WARN_EMPTY_BODY = YES;
				CLANG_WARN_ENUM_CONVERSION = YES;
				CLANG_WARN_INFINITE_RECURSION = YES;
				CLANG_WARN_INT_CONVERSION = YES;
				CLANG_WARN_NON_LITERAL_NULL_CONVERSION = YES;
				CLANG_WARN_OBJC_IMPLICIT_RETAIN_SELF = YES;
				CLANG_WARN_OBJC_LITERAL_CONVERSION = YES;
				CLANG_WARN_OBJC_ROOT_CLASS = YES_ERROR;
				CLANG_WARN_RANGE_LOOP_ANALYSIS = YES;
				CLANG_WARN_STRICT_PROTOTYPES = YES;
				CLANG_WARN_SUSPICIOUS_MOVE = YES;
				CLANG_WARN_UNREACHABLE_CODE = YES;
				CLANG_WARN__DUPLICATE_METHOD_MATCH = YES;
				"CODE_SIGN_IDENTITY[sdk=iphoneos*]" = "iPhone Developer";
				COPY_PHASE_STRIP = NO;
				DEBUG_INFORMATION_FORMAT = "dwarf-with-dsym";
				ENABLE_NS_ASSERTIONS = NO;
				ENABLE_STRICT_OBJC_MSGSEND = YES;
				GCC_C_LANGUAGE_STANDARD = gnu99;
				GCC_NO_COMMON_BLOCKS = YES;
				GCC_WARN_64_TO_32_BIT_CONVERSION = YES;
				GCC_WARN_ABOUT_RETURN_TYPE = YES_ERROR;
				GCC_WARN_UNDECLARED_SELECTOR = YES;
				GCC_WARN_UNINITIALIZED_AUTOS = YES_AGGRESSIVE;
				GCC_WARN_UNUSED_FUNCTION = YES;
				GCC_WARN_UNUSED_VARIABLE = YES;
				IPHONEOS_DEPLOYMENT_TARGET = 11.2;
				MTL_ENABLE_DEBUG_INFO = NO;
				SDKROOT = iphoneos;
				SWIFT_OPTIMIZATION_LEVEL = "-Owholemodule";
				VALIDATE_PRODUCT = YES;
			};
			name = Release;
		};
		699A69BF1F19816000E9CAD9 /* Debug */ = {
			isa = XCBuildConfiguration;
			baseConfigurationReference = 3BBC2CC2DD94678BE84567F7 /* Pods-DRRHS.debug.xcconfig */;
			buildSettings = {
				ASSETCATALOG_COMPILER_APPICON_NAME = AppIcon;
				DEVELOPMENT_TEAM = XLEYC29AG5;
				INFOPLIST_FILE = DRRHS/Info.plist;
				IPHONEOS_DEPLOYMENT_TARGET = 11.0;
				LD_RUNPATH_SEARCH_PATHS = "$(inherited) @executable_path/Frameworks";
				PRODUCT_BUNDLE_IDENTIFIER = "com.holme.Dighton-Rehoboth-1";
				PRODUCT_NAME = "$(TARGET_NAME)";
				SWIFT_SWIFT3_OBJC_INFERENCE = On;
				SWIFT_VERSION = 4.0;
				TARGETED_DEVICE_FAMILY = "1,2";
			};
			name = Debug;
		};
		699A69C01F19816000E9CAD9 /* Release */ = {
			isa = XCBuildConfiguration;
			baseConfigurationReference = F14BD033C7CCD2CEA6B83311 /* Pods-DRRHS.release.xcconfig */;
			buildSettings = {
				ASSETCATALOG_COMPILER_APPICON_NAME = AppIcon;
				DEVELOPMENT_TEAM = XLEYC29AG5;
				INFOPLIST_FILE = DRRHS/Info.plist;
				IPHONEOS_DEPLOYMENT_TARGET = 11.0;
				LD_RUNPATH_SEARCH_PATHS = "$(inherited) @executable_path/Frameworks";
				PRODUCT_BUNDLE_IDENTIFIER = "com.holme.Dighton-Rehoboth-1";
				PRODUCT_NAME = "$(TARGET_NAME)";
				SWIFT_SWIFT3_OBJC_INFERENCE = On;
				SWIFT_VERSION = 4.0;
				TARGETED_DEVICE_FAMILY = "1,2";
			};
			name = Release;
		};
		699A69C21F19816000E9CAD9 /* Debug */ = {
			isa = XCBuildConfiguration;
			baseConfigurationReference = FEBAA45EF7EEE131FBFC88EE /* Pods-DRRHSTests.debug.xcconfig */;
			buildSettings = {
				ALWAYS_EMBED_SWIFT_STANDARD_LIBRARIES = YES;
				BUNDLE_LOADER = "$(TEST_HOST)";
				DEVELOPMENT_TEAM = TGLE8RZWF5;
				INFOPLIST_FILE = DRRHSTests/Info.plist;
				LD_RUNPATH_SEARCH_PATHS = "$(inherited) @executable_path/Frameworks @loader_path/Frameworks";
				PRODUCT_BUNDLE_IDENTIFIER = com.holme.DRRHSTests;
				PRODUCT_NAME = "$(TARGET_NAME)";
				SWIFT_SWIFT3_OBJC_INFERENCE = On;
				SWIFT_VERSION = 4.0;
				TEST_HOST = "$(BUILT_PRODUCTS_DIR)/DRRHS.app/DRRHS";
			};
			name = Debug;
		};
		699A69C31F19816000E9CAD9 /* Release */ = {
			isa = XCBuildConfiguration;
			baseConfigurationReference = BC31B450DFC50F8A09535C46 /* Pods-DRRHSTests.release.xcconfig */;
			buildSettings = {
				ALWAYS_EMBED_SWIFT_STANDARD_LIBRARIES = YES;
				BUNDLE_LOADER = "$(TEST_HOST)";
				DEVELOPMENT_TEAM = TGLE8RZWF5;
				INFOPLIST_FILE = DRRHSTests/Info.plist;
				LD_RUNPATH_SEARCH_PATHS = "$(inherited) @executable_path/Frameworks @loader_path/Frameworks";
				PRODUCT_BUNDLE_IDENTIFIER = com.holme.DRRHSTests;
				PRODUCT_NAME = "$(TARGET_NAME)";
				SWIFT_SWIFT3_OBJC_INFERENCE = On;
				SWIFT_VERSION = 4.0;
				TEST_HOST = "$(BUILT_PRODUCTS_DIR)/DRRHS.app/DRRHS";
			};
			name = Release;
		};
		699A69C51F19816000E9CAD9 /* Debug */ = {
			isa = XCBuildConfiguration;
			baseConfigurationReference = C640E40FB5950EB95E80DC3F /* Pods-DRRHSUITests.debug.xcconfig */;
			buildSettings = {
				ALWAYS_EMBED_SWIFT_STANDARD_LIBRARIES = YES;
				DEVELOPMENT_TEAM = TGLE8RZWF5;
				INFOPLIST_FILE = DRRHSUITests/Info.plist;
				LD_RUNPATH_SEARCH_PATHS = "$(inherited) @executable_path/Frameworks @loader_path/Frameworks";
				PRODUCT_BUNDLE_IDENTIFIER = com.holme.DRRHSUITests;
				PRODUCT_NAME = "$(TARGET_NAME)";
				SWIFT_SWIFT3_OBJC_INFERENCE = On;
				SWIFT_VERSION = 4.0;
				TEST_TARGET_NAME = DRRHS;
			};
			name = Debug;
		};
		699A69C61F19816000E9CAD9 /* Release */ = {
			isa = XCBuildConfiguration;
			baseConfigurationReference = 889503338C678DF704102A81 /* Pods-DRRHSUITests.release.xcconfig */;
			buildSettings = {
				ALWAYS_EMBED_SWIFT_STANDARD_LIBRARIES = YES;
				DEVELOPMENT_TEAM = TGLE8RZWF5;
				INFOPLIST_FILE = DRRHSUITests/Info.plist;
				LD_RUNPATH_SEARCH_PATHS = "$(inherited) @executable_path/Frameworks @loader_path/Frameworks";
				PRODUCT_BUNDLE_IDENTIFIER = com.holme.DRRHSUITests;
				PRODUCT_NAME = "$(TARGET_NAME)";
				SWIFT_SWIFT3_OBJC_INFERENCE = On;
				SWIFT_VERSION = 4.0;
				TEST_TARGET_NAME = DRRHS;
			};
			name = Release;
		};
/* End XCBuildConfiguration section */

/* Begin XCConfigurationList section */
		699A698F1F19816000E9CAD9 /* Build configuration list for PBXProject "DRRHS" */ = {
			isa = XCConfigurationList;
			buildConfigurations = (
				699A69BC1F19816000E9CAD9 /* Debug */,
				699A69BD1F19816000E9CAD9 /* Release */,
			);
			defaultConfigurationIsVisible = 0;
			defaultConfigurationName = Release;
		};
		699A69BE1F19816000E9CAD9 /* Build configuration list for PBXNativeTarget "DRRHS" */ = {
			isa = XCConfigurationList;
			buildConfigurations = (
				699A69BF1F19816000E9CAD9 /* Debug */,
				699A69C01F19816000E9CAD9 /* Release */,
			);
			defaultConfigurationIsVisible = 0;
			defaultConfigurationName = Release;
		};
		699A69C11F19816000E9CAD9 /* Build configuration list for PBXNativeTarget "DRRHSTests" */ = {
			isa = XCConfigurationList;
			buildConfigurations = (
				699A69C21F19816000E9CAD9 /* Debug */,
				699A69C31F19816000E9CAD9 /* Release */,
			);
			defaultConfigurationIsVisible = 0;
			defaultConfigurationName = Release;
		};
		699A69C41F19816000E9CAD9 /* Build configuration list for PBXNativeTarget "DRRHSUITests" */ = {
			isa = XCConfigurationList;
			buildConfigurations = (
				699A69C51F19816000E9CAD9 /* Debug */,
				699A69C61F19816000E9CAD9 /* Release */,
			);
			defaultConfigurationIsVisible = 0;
			defaultConfigurationName = Release;
		};
/* End XCConfigurationList section */

/* Begin XCVersionGroup section */
		31F74ECE2072A4960018FB30 /* DRRHS.xcdatamodeld */ = {
			isa = XCVersionGroup;
			children = (
				31F74ECF2072A4960018FB30 /* Model.xcdatamodel */,
			);
			currentVersion = 31F74ECF2072A4960018FB30 /* Model.xcdatamodel */;
			path = DRRHS.xcdatamodeld;
			sourceTree = "<group>";
			versionGroupType = wrapper.xcdatamodel;
		};
/* End XCVersionGroup section */
	};
	rootObject = 699A698C1F19816000E9CAD9 /* Project object */;
}
